Microsoft Visual Studio Solution File, Format Version 8.00
Project("{8BC9CEB8-8B4A-11D0-8D11-00A0C91BC942}") = "dtfind", "dtfind.vcproj", "{64B859EC-ECE6-4AA4-9A88-0DF58E537EEE}"
	ProjectSection(ProjectDependencies) = postProject
	EndProjectSection
EndProject
Global
	GlobalSection(SolutionConfiguration) = preSolution
		Debug = Debug
		Release = Release
	EndGlobalSection
	GlobalSection(ProjectConfiguration) = postSolution
		{64B859EC-ECE6-4AA4-9A88-0DF58E537EEE}.Debug.ActiveCfg = Debug|Win32
		{64B859EC-ECE6-4AA4-9A88-0DF58E537EEE}.Debug.Build.0 = Debug|Win32
		{64B859EC-ECE6-4AA4-9A88-0DF58E537EEE}.Release.ActiveCfg = Release|Win32
		{64B859EC-ECE6-4AA4-9A88-0DF58E537EEE}.Release.Build.0 = Release|Win32
	EndGlobalSection
	GlobalSection(ExtensibilityGlobals) = postSolution
	EndGlobalSection
	GlobalSection(ExtensibilityAddIns) = postSolution
	EndGlobalSection
EndGlobal
